// !$*UTF8*$!
{
	archiveVersion = 1;
	classes = {
	};
	objectVersion = 46;
	objects = {

/* Begin PBXBuildFile section */
		2C6940181ACA4E19008133B6 /* libluad.dylib in Frameworks */ = {isa = PBXBuildFile; fileRef = 2C6940171ACA4E0E008133B6 /* libluad.dylib */; };
/* End PBXBuildFile section */

/* Begin PBXContainerItemProxy section */
		2C69400E1ACA4E0E008133B6 /* PBXContainerItemProxy */ = {
			isa = PBXContainerItemProxy;
			containerPortal = 2C6940061ACA4E0E008133B6 /* lua.xcodeproj */;
			proxyType = 2;
			remoteGlobalIDString = 2C3170E3157CE98000F12776;
			remoteInfo = lua;
		};
		2C6940101ACA4E0E008133B6 /* PBXContainerItemProxy */ = {
			isa = PBXContainerItemProxy;
			containerPortal = 2C6940061ACA4E0E008133B6 /* lua.xcodeproj */;
			proxyType = 2;
			remoteGlobalIDString = 2C57C91B163F923C00C9AA4A;
			remoteInfo = luad;
		};
		2C6940121ACA4E0E008133B6 /* PBXContainerItemProxy */ = {
			isa = PBXContainerItemProxy;
			containerPortal = 2C6940061ACA4E0E008133B6 /* lua.xcodeproj */;
			proxyType = 2;
			remoteGlobalIDString = 2C317193157CEEE000F12776;
			remoteInfo = luac;
		};
		2C6940141ACA4E0E008133B6 /* PBXContainerItemProxy */ = {
			isa = PBXContainerItemProxy;
			containerPortal = 2C6940061ACA4E0E008133B6 /* lua.xcodeproj */;
			proxyType = 2;
			remoteGlobalIDString = 2C317152157CECFD00F12776;
			remoteInfo = liblua;
		};
		2C6940161ACA4E0E008133B6 /* PBXContainerItemProxy */ = {
			isa = PBXContainerItemProxy;
			containerPortal = 2C6940061ACA4E0E008133B6 /* lua.xcodeproj */;
			proxyType = 2;
			remoteGlobalIDString = 2C57C8E0163F909000C9AA4A;
			remoteInfo = libluad;
		};
		2C6940191ACA4E21008133B6 /* PBXContainerItemProxy */ = {
			isa = PBXContainerItemProxy;
			containerPortal = 2C6940061ACA4E0E008133B6 /* lua.xcodeproj */;
			proxyType = 1;
			remoteGlobalIDString = 2C57C8DF163F909000C9AA4A;
			remoteInfo = libluad;
		};
/* End PBXContainerItemProxy section */

/* Begin PBXFileReference section */
		2C6940061ACA4E0E008133B6 /* lua.xcodeproj */ = {isa = PBXFileReference; lastKnownFileType = "wrapper.pb-project"; name = lua.xcodeproj; path = /Users/middleware/UserData/SourceCode/LuaLisp/lib/luaReadline/../lua/project/lua.xcodeproj; sourceTree = "<absolute>"; };
		2CBC50F51AC8D56400A8A103 /* liblua_c_lisp.dylib */ = {isa = PBXFileReference; explicitFileType = "compiled.mach-o.dylib"; includeInIndex = 0; path = liblua_c_lisp.dylib; sourceTree = BUILT_PRODUCTS_DIR; };
/* End PBXFileReference section */

/* Begin PBXFrameworksBuildPhase section */
		2CBC50F21AC8D56400A8A103 /* Frameworks */ = {
			isa = PBXFrameworksBuildPhase;
			buildActionMask = 2147483647;
			files = (
				2C6940181ACA4E19008133B6 /* libluad.dylib in Frameworks */,
			);
			runOnlyForDeploymentPostprocessing = 0;
		};
/* End PBXFrameworksBuildPhase section */

/* Begin PBXGroup section */
		2C6940071ACA4E0E008133B6 /* Products */ = {
			isa = PBXGroup;
			children = (
				2C69400F1ACA4E0E008133B6 /* lua */,
				2C6940111ACA4E0E008133B6 /* luad */,
				2C6940131ACA4E0E008133B6 /* luac */,
				2C6940151ACA4E0E008133B6 /* liblua.a */,
				2C6940171ACA4E0E008133B6 /* libluad.dylib */,
			);
			name = Products;
			sourceTree = "<group>";
		};
		2CBC50EC1AC8D56400A8A103 = {
			isa = PBXGroup;
			children = (
				2C6940061ACA4E0E008133B6 /* lua.xcodeproj */,
				2CBC50F61AC8D56400A8A103 /* Products */,
			);
			sourceTree = "<group>";
		};
		2CBC50F61AC8D56400A8A103 /* Products */ = {
			isa = PBXGroup;
			children = (
				2CBC50F51AC8D56400A8A103 /* liblua_c_lisp.dylib */,
			);
			name = Products;
			sourceTree = "<group>";
		};
/* End PBXGroup section */

/* Begin PBXHeadersBuildPhase section */
		2CBC50F31AC8D56400A8A103 /* Headers */ = {
			isa = PBXHeadersBuildPhase;
			buildActionMask = 2147483647;
			files = (
			);
			runOnlyForDeploymentPostprocessing = 0;
		};
/* End PBXHeadersBuildPhase section */

/* Begin PBXNativeTarget section */
		2CBC50F41AC8D56400A8A103 /* lua_c_lisp */ = {
			isa = PBXNativeTarget;
			buildConfigurationList = 2CBC50F91AC8D56400A8A103 /* Build configuration list for PBXNativeTarget "lua_c_lisp" */;
			buildPhases = (
				2CBC50F11AC8D56400A8A103 /* Sources */,
				2CBC50F21AC8D56400A8A103 /* Frameworks */,
				2CBC50F31AC8D56400A8A103 /* Headers */,
			);
			buildRules = (
			);
			dependencies = (
				2C69401A1ACA4E21008133B6 /* PBXTargetDependency */,
			);
			name = lua_c_lisp;
			productName = lua_c_lisp;
			productReference = 2CBC50F51AC8D56400A8A103 /* liblua_c_lisp.dylib */;
			productType = "com.apple.product-type.library.dynamic";
		};
/* End PBXNativeTarget section */

/* Begin PBXProject section */
		2CBC50ED1AC8D56400A8A103 /* Project object */ = {
			isa = PBXProject;
			attributes = {
				LastUpgradeCheck = 0610;
				ORGANIZATIONNAME = fengdong;
				TargetAttributes = {
					2CBC50F41AC8D56400A8A103 = {
						CreatedOnToolsVersion = 6.1.1;
					};
				};
			};
			buildConfigurationList = 2CBC50F01AC8D56400A8A103 /* Build configuration list for PBXProject "lua_c_lisp" */;
			compatibilityVersion = "Xcode 3.2";
			developmentRegion = English;
			hasScannedForEncodings = 0;
			knownRegions = (
				en,
			);
			mainGroup = 2CBC50EC1AC8D56400A8A103;
			productRefGroup = 2CBC50F61AC8D56400A8A103 /* Products */;
			projectDirPath = "";
			projectReferences = (
				{
					ProductGroup = 2C6940071ACA4E0E008133B6 /* Products */;
					ProjectRef = 2C6940061ACA4E0E008133B6 /* lua.xcodeproj */;
				},
			);
			projectRoot = "";
			targets = (
				2CBC50F41AC8D56400A8A103 /* lua_c_lisp */,
			);
		};
/* End PBXProject section */

/* Begin PBXReferenceProxy section */
		2C69400F1ACA4E0E008133B6 /* lua */ = {
			isa = PBXReferenceProxy;
			fileType = "compiled.mach-o.executable";
			path = lua;
			remoteRef = 2C69400E1ACA4E0E008133B6 /* PBXContainerItemProxy */;
			sourceTree = BUILT_PRODUCTS_DIR;
		};
		2C6940111ACA4E0E008133B6 /* luad */ = {
			isa = PBXReferenceProxy;
			fileType = "compiled.mach-o.executable";
			path = luad;
			remoteRef = 2C6940101ACA4E0E008133B6 /* PBXContainerItemProxy */;
			sourceTree = BUILT_PRODUCTS_DIR;
		};
		2C6940131ACA4E0E008133B6 /* luac */ = {
			isa = PBXReferenceProxy;
			fileType = "compiled.mach-o.executable";
			path = luac;
			remoteRef = 2C6940121ACA4E0E008133B6 /* PBXContainerItemProxy */;
			sourceTree = BUILT_PRODUCTS_DIR;
		};
		2C6940151ACA4E0E008133B6 /* liblua.a */ = {
			isa = PBXReferenceProxy;
			fileType = archive.ar;
			path = liblua.a;
			remoteRef = 2C6940141ACA4E0E008133B6 /* PBXContainerItemProxy */;
			sourceTree = BUILT_PRODUCTS_DIR;
		};
		2C6940171ACA4E0E008133B6 /* libluad.dylib */ = {
			isa = PBXReferenceProxy;
			fileType = "compiled.mach-o.dylib";
			path = libluad.dylib;
			remoteRef = 2C6940161ACA4E0E008133B6 /* PBXContainerItemProxy */;
			sourceTree = BUILT_PRODUCTS_DIR;
		};
/* End PBXReferenceProxy section */

/* Begin PBXSourcesBuildPhase section */
		2CBC50F11AC8D56400A8A103 /* Sources */ = {
			isa = PBXSourcesBuildPhase;
			buildActionMask = 2147483647;
			files = (
			);
			runOnlyForDeploymentPostprocessing = 0;
		};
/* End PBXSourcesBuildPhase section */

/* Begin PBXTargetDependency section */
		2C69401A1ACA4E21008133B6 /* PBXTargetDependency */ = {
			isa = PBXTargetDependency;
			name = libluad;
			targetProxy = 2C6940191ACA4E21008133B6 /* PBXContainerItemProxy */;
		};
/* End PBXTargetDependency section */

/* Begin XCBuildConfiguration section */
		2CBC50F71AC8D56400A8A103 /* Debug */ = {
			isa = XCBuildConfiguration;
			buildSettings = {
				ALWAYS_SEARCH_USER_PATHS = NO;
				CLANG_CXX_LANGUAGE_STANDARD = "gnu++0x";
				CLANG_CXX_LIBRARY = "libc++";
				CLANG_ENABLE_MODULES = YES;
				CLANG_ENABLE_OBJC_ARC = YES;
				CLANG_WARN_BOOL_CONVERSION = YES;
				CLANG_WARN_CONSTANT_CONVERSION = YES;
				CLANG_WARN_DIRECT_OBJC_ISA_USAGE = YES_ERROR;
				CLANG_WARN_EMPTY_BODY = YES;
				CLANG_WARN_ENUM_CONVERSION = YES;
				CLANG_WARN_INT_CONVERSION = YES;
				CLANG_WARN_OBJC_ROOT_CLASS = YES_ERROR;
				CLANG_WARN_UNREACHABLE_CODE = YES;
				CLANG_WARN__DUPLICATE_METHOD_MATCH = YES;
				COPY_PHASE_STRIP = NO;
				ENABLE_STRICT_OBJC_MSGSEND = YES;
				GCC_C_LANGUAGE_STANDARD = gnu99;
				GCC_DYNAMIC_NO_PIC = NO;
				GCC_OPTIMIZATION_LEVEL = 0;
				GCC_PREPROCESSOR_DEFINITIONS = (
					"DEBUG=1",
					"$(inherited)",
				);
				GCC_SYMBOLS_PRIVATE_EXTERN = NO;
				GCC_WARN_64_TO_32_BIT_CONVERSION = YES;
				GCC_WARN_ABOUT_RETURN_TYPE = YES_ERROR;
				GCC_WARN_UNDECLARED_SELECTOR = YES;
				GCC_WARN_UNINITIALIZED_AUTOS = YES_AGGRESSIVE;
				GCC_WARN_UNUSED_FUNCTION = YES;
				GCC_WARN_UNUSED_VARIABLE = YES;
				MACOSX_DEPLOYMENT_TARGET = 10.10;
				MTL_ENABLE_DEBUG_INFO = YES;
				ONLY_ACTIVE_ARCH = YES;
				SDKROOT = macosx;
			};
			name = Debug;
		};
		2CBC50F81AC8D56400A8A103 /* Release */ = {
			isa = XCBuildConfiguration;
			buildSettings = {
				ALWAYS_SEARCH_USER_PATHS = NO;
				CLANG_CXX_LANGUAGE_STANDARD = "gnu++0x";
				CLANG_CXX_LIBRARY = "libc++";
				CLANG_ENABLE_MODULES = YES;
				CLANG_ENABLE_OBJC_ARC = YES;
				CLANG_WARN_BOOL_CONVERSION = YES;
				CLANG_WARN_CONSTANT_CONVERSION = YES;
				CLANG_WARN_DIRECT_OBJC_ISA_USAGE = YES_ERROR;
				CLANG_WARN_EMPTY_BODY = YES;
				CLANG_WARN_ENUM_CONVERSION = YES;
				CLANG_WARN_INT_CONVERSION = YES;
				CLANG_WARN_OBJC_ROOT_CLASS = YES_ERROR;
				CLANG_WARN_UNREACHABLE_CODE = YES;
				CLANG_WARN__DUPLICATE_METHOD_MATCH = YES;
				COPY_PHASE_STRIP = YES;
				DEBUG_INFORMATION_FORMAT = "dwarf-with-dsym";
				ENABLE_NS_ASSERTIONS = NO;
				ENABLE_STRICT_OBJC_MSGSEND = YES;
				GCC_C_LANGUAGE_STANDARD = gnu99;
				GCC_WARN_64_TO_32_BIT_CONVERSION = YES;
				GCC_WARN_ABOUT_RETURN_TYPE = YES_ERROR;
				GCC_WARN_UNDECLARED_SELECTOR = YES;
				GCC_WARN_UNINITIALIZED_AUTOS = YES_AGGRESSIVE;
				GCC_WARN_UNUSED_FUNCTION = YES;
				GCC_WARN_UNUSED_VARIABLE = YES;
				MACOSX_DEPLOYMENT_TARGET = 10.10;
				MTL_ENABLE_DEBUG_INFO = NO;
				SDKROOT = macosx;
			};
			name = Release;
		};
		2CBC50FA1AC8D56400A8A103 /* Debug */ = {
			isa = XCBuildConfiguration;
			buildSettings = {
				DYLIB_COMPATIBILITY_VERSION = 1;
				DYLIB_CURRENT_VERSION = 1;
				EXECUTABLE_PREFIX = lib;
				PRODUCT_NAME = "$(TARGET_NAME)";
			};
			name = Debug;
		};
		2CBC50FB1AC8D56400A8A103 /* Release */ = {
			isa = XCBuildConfiguration;
			buildSettings = {
				DYLIB_COMPATIBILITY_VERSION = 1;
				DYLIB_CURRENT_VERSION = 1;
				EXECUTABLE_PREFIX = lib;
				PRODUCT_NAME = "$(TARGET_NAME)";
			};
			name = Release;
		};
/* End XCBuildConfiguration section */

/* Begin XCConfigurationList section */
		2CBC50F01AC8D56400A8A103 /* Build configuration list for PBXProject "lua_c_lisp" */ = {
			isa = XCConfigurationList;
			buildConfigurations = (
				2CBC50F71AC8D56400A8A103 /* Debug */,
				2CBC50F81AC8D56400A8A103 /* Release */,
			);
			defaultConfigurationIsVisible = 0;
			defaultConfigurationName = Release;
		};
		2CBC50F91AC8D56400A8A103 /* Build configuration list for PBXNativeTarget "lua_c_lisp" */ = {
			isa = XCConfigurationList;
			buildConfigurations = (
				2CBC50FA1AC8D56400A8A103 /* Debug */,
				2CBC50FB1AC8D56400A8A103 /* Release */,
			);
			defaultConfigurationIsVisible = 0;
			defaultConfigurationName = Release;
		};
/* End XCConfigurationList section */
	};
	rootObject = 2CBC50ED1AC8D56400A8A103 /* Project object */;
}
