// !$*UTF8*$!
{
	archiveVersion = 1;
	classes = {
	};
	objectVersion = 46;
	objects = {

/* Begin PBXBuildFile section */
		2C0D6F421AC8AEF6009E1417 /* libluad.dylib in Frameworks */ = {isa = PBXBuildFile; fileRef = 2C0D6F411AC8AE90009E1417 /* libluad.dylib */; };
		2C4DC91C1AC28D9500DB8D8F /* benchmark.c in Sources */ = {isa = PBXBuildFile; fileRef = 2C4DC91A1AC28D9500DB8D8F /* benchmark.c */; };
		2C4DC91D1AC28D9500DB8D8F /* benchmark.h in Headers */ = {isa = PBXBuildFile; fileRef = 2C4DC91B1AC28D9500DB8D8F /* benchmark.h */; };
/* End PBXBuildFile section */

/* Begin PBXContainerItemProxy section */
		2C0D6F381AC8AE90009E1417 /* PBXContainerItemProxy */ = {
			isa = PBXContainerItemProxy;
			containerPortal = 2C0D6F301AC8AE90009E1417 /* lua.xcodeproj */;
			proxyType = 2;
			remoteGlobalIDString = 2C3170E3157CE98000F12776;
			remoteInfo = lua;
		};
		2C0D6F3A1AC8AE90009E1417 /* PBXContainerItemProxy */ = {
			isa = PBXContainerItemProxy;
			containerPortal = 2C0D6F301AC8AE90009E1417 /* lua.xcodeproj */;
			proxyType = 2;
			remoteGlobalIDString = 2C57C91B163F923C00C9AA4A;
			remoteInfo = luad;
		};
		2C0D6F3C1AC8AE90009E1417 /* PBXContainerItemProxy */ = {
			isa = PBXContainerItemProxy;
			containerPortal = 2C0D6F301AC8AE90009E1417 /* lua.xcodeproj */;
			proxyType = 2;
			remoteGlobalIDString = 2C317193157CEEE000F12776;
			remoteInfo = luac;
		};
		2C0D6F3E1AC8AE90009E1417 /* PBXContainerItemProxy */ = {
			isa = PBXContainerItemProxy;
			containerPortal = 2C0D6F301AC8AE90009E1417 /* lua.xcodeproj */;
			proxyType = 2;
			remoteGlobalIDString = 2C317152157CECFD00F12776;
			remoteInfo = liblua;
		};
		2C0D6F401AC8AE90009E1417 /* PBXContainerItemProxy */ = {
			isa = PBXContainerItemProxy;
			containerPortal = 2C0D6F301AC8AE90009E1417 /* lua.xcodeproj */;
			proxyType = 2;
			remoteGlobalIDString = 2C57C8E0163F909000C9AA4A;
			remoteInfo = libluad;
		};
/* End PBXContainerItemProxy section */

/* Begin PBXFileReference section */
		2C0D6F301AC8AE90009E1417 /* lua.xcodeproj */ = {isa = PBXFileReference; lastKnownFileType = "wrapper.pb-project"; name = lua.xcodeproj; path = ../lua/project/lua.xcodeproj; sourceTree = "<group>"; };
		2C4DC8FF1AC28D1200DB8D8F /* libbenchmark.dylib */ = {isa = PBXFileReference; explicitFileType = "compiled.mach-o.dylib"; includeInIndex = 0; path = libbenchmark.dylib; sourceTree = BUILT_PRODUCTS_DIR; };
		2C4DC91A1AC28D9500DB8D8F /* benchmark.c */ = {isa = PBXFileReference; fileEncoding = 4; lastKnownFileType = sourcecode.c.c; path = benchmark.c; sourceTree = "<group>"; };
		2C4DC91B1AC28D9500DB8D8F /* benchmark.h */ = {isa = PBXFileReference; fileEncoding = 4; lastKnownFileType = sourcecode.c.h; path = benchmark.h; sourceTree = "<group>"; };
/* End PBXFileReference section */

/* Begin PBXFrameworksBuildPhase section */
		2C4DC8FC1AC28D1200DB8D8F /* Frameworks */ = {
			isa = PBXFrameworksBuildPhase;
			buildActionMask = 2147483647;
			files = (
				2C0D6F421AC8AEF6009E1417 /* libluad.dylib in Frameworks */,
			);
			runOnlyForDeploymentPostprocessing = 0;
		};
/* End PBXFrameworksBuildPhase section */

/* Begin PBXGroup section */
		2C0D6F311AC8AE90009E1417 /* Products */ = {
			isa = PBXGroup;
			children = (
				2C0D6F391AC8AE90009E1417 /* lua */,
				2C0D6F3B1AC8AE90009E1417 /* luad */,
				2C0D6F3D1AC8AE90009E1417 /* luac */,
				2C0D6F3F1AC8AE90009E1417 /* liblua.a */,
				2C0D6F411AC8AE90009E1417 /* libluad.dylib */,
			);
			name = Products;
			sourceTree = "<group>";
		};
		2C4DC8F61AC28D1100DB8D8F = {
			isa = PBXGroup;
			children = (
				2C0D6F301AC8AE90009E1417 /* lua.xcodeproj */,
				2C4DC91A1AC28D9500DB8D8F /* benchmark.c */,
				2C4DC91B1AC28D9500DB8D8F /* benchmark.h */,
				2C4DC9001AC28D1200DB8D8F /* Products */,
			);
			sourceTree = "<group>";
		};
		2C4DC9001AC28D1200DB8D8F /* Products */ = {
			isa = PBXGroup;
			children = (
				2C4DC8FF1AC28D1200DB8D8F /* libbenchmark.dylib */,
			);
			name = Products;
			sourceTree = "<group>";
		};
/* End PBXGroup section */

/* Begin PBXHeadersBuildPhase section */
		2C4DC8FD1AC28D1200DB8D8F /* Headers */ = {
			isa = PBXHeadersBuildPhase;
			buildActionMask = 2147483647;
			files = (
				2C4DC91D1AC28D9500DB8D8F /* benchmark.h in Headers */,
			);
			runOnlyForDeploymentPostprocessing = 0;
		};
/* End PBXHeadersBuildPhase section */

/* Begin PBXNativeTarget section */
		2C4DC8FE1AC28D1200DB8D8F /* benchmark */ = {
			isa = PBXNativeTarget;
			buildConfigurationList = 2C4DC9031AC28D1200DB8D8F /* Build configuration list for PBXNativeTarget "benchmark" */;
			buildPhases = (
				2C4DC8FB1AC28D1200DB8D8F /* Sources */,
				2C4DC8FC1AC28D1200DB8D8F /* Frameworks */,
				2C4DC8FD1AC28D1200DB8D8F /* Headers */,
			);
			buildRules = (
			);
			dependencies = (
			);
			name = benchmark;
			productName = benchmark;
			productReference = 2C4DC8FF1AC28D1200DB8D8F /* libbenchmark.dylib */;
			productType = "com.apple.product-type.library.dynamic";
		};
/* End PBXNativeTarget section */

/* Begin PBXProject section */
		2C4DC8F71AC28D1100DB8D8F /* Project object */ = {
			isa = PBXProject;
			attributes = {
				LastUpgradeCheck = 0610;
				ORGANIZATIONNAME = fengdong;
				TargetAttributes = {
					2C4DC8FE1AC28D1200DB8D8F = {
						CreatedOnToolsVersion = 6.1.1;
					};
				};
			};
			buildConfigurationList = 2C4DC8FA1AC28D1100DB8D8F /* Build configuration list for PBXProject "benchmark" */;
			compatibilityVersion = "Xcode 3.2";
			developmentRegion = English;
			hasScannedForEncodings = 0;
			knownRegions = (
				en,
			);
			mainGroup = 2C4DC8F61AC28D1100DB8D8F;
			productRefGroup = 2C4DC9001AC28D1200DB8D8F /* Products */;
			projectDirPath = "";
			projectReferences = (
				{
					ProductGroup = 2C0D6F311AC8AE90009E1417 /* Products */;
					ProjectRef = 2C0D6F301AC8AE90009E1417 /* lua.xcodeproj */;
				},
			);
			projectRoot = "";
			targets = (
				2C4DC8FE1AC28D1200DB8D8F /* benchmark */,
			);
		};
/* End PBXProject section */

/* Begin PBXReferenceProxy section */
		2C0D6F391AC8AE90009E1417 /* lua */ = {
			isa = PBXReferenceProxy;
			fileType = "compiled.mach-o.executable";
			path = lua;
			remoteRef = 2C0D6F381AC8AE90009E1417 /* PBXContainerItemProxy */;
			sourceTree = BUILT_PRODUCTS_DIR;
		};
		2C0D6F3B1AC8AE90009E1417 /* luad */ = {
			isa = PBXReferenceProxy;
			fileType = "compiled.mach-o.executable";
			path = luad;
			remoteRef = 2C0D6F3A1AC8AE90009E1417 /* PBXContainerItemProxy */;
			sourceTree = BUILT_PRODUCTS_DIR;
		};
		2C0D6F3D1AC8AE90009E1417 /* luac */ = {
			isa = PBXReferenceProxy;
			fileType = "compiled.mach-o.executable";
			path = luac;
			remoteRef = 2C0D6F3C1AC8AE90009E1417 /* PBXContainerItemProxy */;
			sourceTree = BUILT_PRODUCTS_DIR;
		};
		2C0D6F3F1AC8AE90009E1417 /* liblua.a */ = {
			isa = PBXReferenceProxy;
			fileType = archive.ar;
			path = liblua.a;
			remoteRef = 2C0D6F3E1AC8AE90009E1417 /* PBXContainerItemProxy */;
			sourceTree = BUILT_PRODUCTS_DIR;
		};
		2C0D6F411AC8AE90009E1417 /* libluad.dylib */ = {
			isa = PBXReferenceProxy;
			fileType = "compiled.mach-o.dylib";
			path = libluad.dylib;
			remoteRef = 2C0D6F401AC8AE90009E1417 /* PBXContainerItemProxy */;
			sourceTree = BUILT_PRODUCTS_DIR;
		};
/* End PBXReferenceProxy section */

/* Begin PBXSourcesBuildPhase section */
		2C4DC8FB1AC28D1200DB8D8F /* Sources */ = {
			isa = PBXSourcesBuildPhase;
			buildActionMask = 2147483647;
			files = (
				2C4DC91C1AC28D9500DB8D8F /* benchmark.c in Sources */,
			);
			runOnlyForDeploymentPostprocessing = 0;
		};
/* End PBXSourcesBuildPhase section */

/* Begin XCBuildConfiguration section */
		2C4DC9011AC28D1200DB8D8F /* Debug */ = {
			isa = XCBuildConfiguration;
			buildSettings = {
				ALWAYS_SEARCH_USER_PATHS = NO;
				CLANG_CXX_LANGUAGE_STANDARD = "gnu++0x";
				CLANG_CXX_LIBRARY = "libc++";
				CLANG_ENABLE_MODULES = YES;
				CLANG_ENABLE_OBJC_ARC = YES;
				CLANG_WARN_BOOL_CONVERSION = YES;
				CLANG_WARN_CONSTANT_CONVERSION = YES;
				CLANG_WARN_DIRECT_OBJC_ISA_USAGE = YES_ERROR;
				CLANG_WARN_EMPTY_BODY = YES;
				CLANG_WARN_ENUM_CONVERSION = YES;
				CLANG_WARN_INT_CONVERSION = YES;
				CLANG_WARN_OBJC_ROOT_CLASS = YES_ERROR;
				CLANG_WARN_UNREACHABLE_CODE = YES;
				CLANG_WARN__DUPLICATE_METHOD_MATCH = YES;
				COPY_PHASE_STRIP = NO;
				ENABLE_STRICT_OBJC_MSGSEND = YES;
				GCC_C_LANGUAGE_STANDARD = gnu99;
				GCC_DYNAMIC_NO_PIC = NO;
				GCC_OPTIMIZATION_LEVEL = 0;
				GCC_PREPROCESSOR_DEFINITIONS = (
					"DEBUG=1",
					"$(inherited)",
				);
				GCC_SYMBOLS_PRIVATE_EXTERN = NO;
				GCC_WARN_64_TO_32_BIT_CONVERSION = YES;
				GCC_WARN_ABOUT_RETURN_TYPE = YES_ERROR;
				GCC_WARN_UNDECLARED_SELECTOR = YES;
				GCC_WARN_UNINITIALIZED_AUTOS = YES_AGGRESSIVE;
				GCC_WARN_UNUSED_FUNCTION = YES;
				GCC_WARN_UNUSED_VARIABLE = YES;
				MACOSX_DEPLOYMENT_TARGET = 10.10;
				MTL_ENABLE_DEBUG_INFO = YES;
				ONLY_ACTIVE_ARCH = YES;
				SDKROOT = macosx;
			};
			name = Debug;
		};
		2C4DC9021AC28D1200DB8D8F /* Release */ = {
			isa = XCBuildConfiguration;
			buildSettings = {
				ALWAYS_SEARCH_USER_PATHS = NO;
				CLANG_CXX_LANGUAGE_STANDARD = "gnu++0x";
				CLANG_CXX_LIBRARY = "libc++";
				CLANG_ENABLE_MODULES = YES;
				CLANG_ENABLE_OBJC_ARC = YES;
				CLANG_WARN_BOOL_CONVERSION = YES;
				CLANG_WARN_CONSTANT_CONVERSION = YES;
				CLANG_WARN_DIRECT_OBJC_ISA_USAGE = YES_ERROR;
				CLANG_WARN_EMPTY_BODY = YES;
				CLANG_WARN_ENUM_CONVERSION = YES;
				CLANG_WARN_INT_CONVERSION = YES;
				CLANG_WARN_OBJC_ROOT_CLASS = YES_ERROR;
				CLANG_WARN_UNREACHABLE_CODE = YES;
				CLANG_WARN__DUPLICATE_METHOD_MATCH = YES;
				COPY_PHASE_STRIP = YES;
				DEBUG_INFORMATION_FORMAT = "dwarf-with-dsym";
				ENABLE_NS_ASSERTIONS = NO;
				ENABLE_STRICT_OBJC_MSGSEND = YES;
				GCC_C_LANGUAGE_STANDARD = gnu99;
				GCC_WARN_64_TO_32_BIT_CONVERSION = YES;
				GCC_WARN_ABOUT_RETURN_TYPE = YES_ERROR;
				GCC_WARN_UNDECLARED_SELECTOR = YES;
				GCC_WARN_UNINITIALIZED_AUTOS = YES_AGGRESSIVE;
				GCC_WARN_UNUSED_FUNCTION = YES;
				GCC_WARN_UNUSED_VARIABLE = YES;
				MACOSX_DEPLOYMENT_TARGET = 10.10;
				MTL_ENABLE_DEBUG_INFO = NO;
				SDKROOT = macosx;
			};
			name = Release;
		};
		2C4DC9041AC28D1200DB8D8F /* Debug */ = {
			isa = XCBuildConfiguration;
			buildSettings = {
				DYLIB_COMPATIBILITY_VERSION = 1;
				DYLIB_CURRENT_VERSION = 1;
				EXECUTABLE_PREFIX = lib;
				PRODUCT_NAME = "$(TARGET_NAME)";
				USER_HEADER_SEARCH_PATHS = "\"$(SRCROOT)/../lua/src\"";
			};
			name = Debug;
		};
		2C4DC9051AC28D1200DB8D8F /* Release */ = {
			isa = XCBuildConfiguration;
			buildSettings = {
				DYLIB_COMPATIBILITY_VERSION = 1;
				DYLIB_CURRENT_VERSION = 1;
				EXECUTABLE_PREFIX = lib;
				PRODUCT_NAME = "$(TARGET_NAME)";
				USER_HEADER_SEARCH_PATHS = "\"$(SRCROOT)/../lua/src\"";
			};
			name = Release;
		};
/* End XCBuildConfiguration section */

/* Begin XCConfigurationList section */
		2C4DC8FA1AC28D1100DB8D8F /* Build configuration list for PBXProject "benchmark" */ = {
			isa = XCConfigurationList;
			buildConfigurations = (
				2C4DC9011AC28D1200DB8D8F /* Debug */,
				2C4DC9021AC28D1200DB8D8F /* Release */,
			);
			defaultConfigurationIsVisible = 0;
			defaultConfigurationName = Release;
		};
		2C4DC9031AC28D1200DB8D8F /* Build configuration list for PBXNativeTarget "benchmark" */ = {
			isa = XCConfigurationList;
			buildConfigurations = (
				2C4DC9041AC28D1200DB8D8F /* Debug */,
				2C4DC9051AC28D1200DB8D8F /* Release */,
			);
			defaultConfigurationIsVisible = 0;
			defaultConfigurationName = Release;
		};
/* End XCConfigurationList section */
	};
	rootObject = 2C4DC8F71AC28D1100DB8D8F /* Project object */;
}
